
Microsoft Visual Studio Solution File, Format Version 12.00
# Visual Studio Version 17
VisualStudioVersion = 17.0.31903.59
MinimumVisualStudioVersion = 10.0.40219.1
Project("{FAE04EC0-301F-11D3-BF4B-00C04F79EFBC}") = "conViver.Core", "conViver.Core\conViver.Core.csproj", "{329798FB-3EA9-4A3F-AD5D-81986949E3F5}"
EndProject
Project("{FAE04EC0-301F-11D3-BF4B-00C04F79EFBC}") = "conViver.Application", "conViver.Application\conViver.Application.csproj", "{0AB9037F-255E-4504-84B7-3BDE11E26B7B}"
EndProject
Project("{FAE04EC0-301F-11D3-BF4B-00C04F79EFBC}") = "conViver.Infrastructure", "conViver.Infrastructure\conViver.Infrastructure.csproj", "{0FD1110E-B4AE-428B-84BF-B89A1086B935}"
EndProject
Project("{FAE04EC0-301F-11D3-BF4B-00C04F79EFBC}") = "conViver.API", "conViver.API\conViver.API.csproj", "{6B6D543B-3738-4C31-A7AC-41DD88FC2443}"
EndProject
Project("{FAE04EC0-301F-11D3-BF4B-00C04F79EFBC}") = "conViver.Web", "conViver.Web\conViver.Web.csproj", "{DF766E97-8F09-4590-91A2-1DB76325DA10}"
EndProject
Project("{FAE04EC0-301F-11D3-BF4B-00C04F79EFBC}") = "conViver.Mobile", "conViver.Mobile\conViver.Mobile.csproj", "{343F25BF-9683-426E-AE59-A7CD1EA8211C}"
EndProject
Project("{FAE04EC0-301F-11D3-BF4B-00C04F79EFBC}") = "conViver.Tests", "conViver.Tests\conViver.Tests.csproj", "{4A4B09AE-DED3-4947-B58F-DB29910A3194}"
EndProject
Global
	GlobalSection(SolutionConfigurationPlatforms) = preSolution
		Debug|Any CPU = Debug|Any CPU
		Debug|x64 = Debug|x64
		Debug|x86 = Debug|x86
		Release|Any CPU = Release|Any CPU
		Release|x64 = Release|x64
		Release|x86 = Release|x86
	EndGlobalSection
	GlobalSection(ProjectConfigurationPlatforms) = postSolution
		{329798FB-3EA9-4A3F-AD5D-81986949E3F5}.Debug|Any CPU.ActiveCfg = Debug|Any CPU
		{329798FB-3EA9-4A3F-AD5D-81986949E3F5}.Debug|Any CPU.Build.0 = Debug|Any CPU
		{329798FB-3EA9-4A3F-AD5D-81986949E3F5}.Debug|x64.ActiveCfg = Debug|Any CPU
		{329798FB-3EA9-4A3F-AD5D-81986949E3F5}.Debug|x64.Build.0 = Debug|Any CPU
		{329798FB-3EA9-4A3F-AD5D-81986949E3F5}.Debug|x86.ActiveCfg = Debug|Any CPU
		{329798FB-3EA9-4A3F-AD5D-81986949E3F5}.Debug|x86.Build.0 = Debug|Any CPU
		{329798FB-3EA9-4A3F-AD5D-81986949E3F5}.Release|Any CPU.ActiveCfg = Release|Any CPU
		{329798FB-3EA9-4A3F-AD5D-81986949E3F5}.Release|Any CPU.Build.0 = Release|Any CPU
		{329798FB-3EA9-4A3F-AD5D-81986949E3F5}.Release|x64.ActiveCfg = Release|Any CPU
		{329798FB-3EA9-4A3F-AD5D-81986949E3F5}.Release|x64.Build.0 = Release|Any CPU
		{329798FB-3EA9-4A3F-AD5D-81986949E3F5}.Release|x86.ActiveCfg = Release|Any CPU
		{329798FB-3EA9-4A3F-AD5D-81986949E3F5}.Release|x86.Build.0 = Release|Any CPU
		{0AB9037F-255E-4504-84B7-3BDE11E26B7B}.Debug|Any CPU.ActiveCfg = Debug|Any CPU
		{0AB9037F-255E-4504-84B7-3BDE11E26B7B}.Debug|Any CPU.Build.0 = Debug|Any CPU
		{0AB9037F-255E-4504-84B7-3BDE11E26B7B}.Debug|x64.ActiveCfg = Debug|Any CPU
		{0AB9037F-255E-4504-84B7-3BDE11E26B7B}.Debug|x64.Build.0 = Debug|Any CPU
		{0AB9037F-255E-4504-84B7-3BDE11E26B7B}.Debug|x86.ActiveCfg = Debug|Any CPU
		{0AB9037F-255E-4504-84B7-3BDE11E26B7B}.Debug|x86.Build.0 = Debug|Any CPU
		{0AB9037F-255E-4504-84B7-3BDE11E26B7B}.Release|Any CPU.ActiveCfg = Release|Any CPU
		{0AB9037F-255E-4504-84B7-3BDE11E26B7B}.Release|Any CPU.Build.0 = Release|Any CPU
		{0AB9037F-255E-4504-84B7-3BDE11E26B7B}.Release|x64.ActiveCfg = Release|Any CPU
		{0AB9037F-255E-4504-84B7-3BDE11E26B7B}.Release|x64.Build.0 = Release|Any CPU
		{0AB9037F-255E-4504-84B7-3BDE11E26B7B}.Release|x86.ActiveCfg = Release|Any CPU
		{0AB9037F-255E-4504-84B7-3BDE11E26B7B}.Release|x86.Build.0 = Release|Any CPU
		{0FD1110E-B4AE-428B-84BF-B89A1086B935}.Debug|Any CPU.ActiveCfg = Debug|Any CPU
		{0FD1110E-B4AE-428B-84BF-B89A1086B935}.Debug|Any CPU.Build.0 = Debug|Any CPU
		{0FD1110E-B4AE-428B-84BF-B89A1086B935}.Debug|x64.ActiveCfg = Debug|Any CPU
		{0FD1110E-B4AE-428B-84BF-B89A1086B935}.Debug|x64.Build.0 = Debug|Any CPU
		{0FD1110E-B4AE-428B-84BF-B89A1086B935}.Debug|x86.ActiveCfg = Debug|Any CPU
		{0FD1110E-B4AE-428B-84BF-B89A1086B935}.Debug|x86.Build.0 = Debug|Any CPU
		{0FD1110E-B4AE-428B-84BF-B89A1086B935}.Release|Any CPU.ActiveCfg = Release|Any CPU
		{0FD1110E-B4AE-428B-84BF-B89A1086B935}.Release|Any CPU.Build.0 = Release|Any CPU
		{0FD1110E-B4AE-428B-84BF-B89A1086B935}.Release|x64.ActiveCfg = Release|Any CPU
		{0FD1110E-B4AE-428B-84BF-B89A1086B935}.Release|x64.Build.0 = Release|Any CPU
		{0FD1110E-B4AE-428B-84BF-B89A1086B935}.Release|x86.ActiveCfg = Release|Any CPU
		{0FD1110E-B4AE-428B-84BF-B89A1086B935}.Release|x86.Build.0 = Release|Any CPU
		{6B6D543B-3738-4C31-A7AC-41DD88FC2443}.Debug|Any CPU.ActiveCfg = Debug|Any CPU
		{6B6D543B-3738-4C31-A7AC-41DD88FC2443}.Debug|Any CPU.Build.0 = Debug|Any CPU
		{6B6D543B-3738-4C31-A7AC-41DD88FC2443}.Debug|x64.ActiveCfg = Debug|Any CPU
		{6B6D543B-3738-4C31-A7AC-41DD88FC2443}.Debug|x64.Build.0 = Debug|Any CPU
		{6B6D543B-3738-4C31-A7AC-41DD88FC2443}.Debug|x86.ActiveCfg = Debug|Any CPU
		{6B6D543B-3738-4C31-A7AC-41DD88FC2443}.Debug|x86.Build.0 = Debug|Any CPU
		{6B6D543B-3738-4C31-A7AC-41DD88FC2443}.Release|Any CPU.ActiveCfg = Release|Any CPU
		{6B6D543B-3738-4C31-A7AC-41DD88FC2443}.Release|Any CPU.Build.0 = Release|Any CPU
		{6B6D543B-3738-4C31-A7AC-41DD88FC2443}.Release|x64.ActiveCfg = Release|Any CPU
		{6B6D543B-3738-4C31-A7AC-41DD88FC2443}.Release|x64.Build.0 = Release|Any CPU
		{6B6D543B-3738-4C31-A7AC-41DD88FC2443}.Release|x86.ActiveCfg = Release|Any CPU
		{6B6D543B-3738-4C31-A7AC-41DD88FC2443}.Release|x86.Build.0 = Release|Any CPU
		{DF766E97-8F09-4590-91A2-1DB76325DA10}.Debug|Any CPU.ActiveCfg = Debug|Any CPU
		{DF766E97-8F09-4590-91A2-1DB76325DA10}.Debug|Any CPU.Build.0 = Debug|Any CPU
		{DF766E97-8F09-4590-91A2-1DB76325DA10}.Debug|x64.ActiveCfg = Debug|Any CPU
		{DF766E97-8F09-4590-91A2-1DB76325DA10}.Debug|x64.Build.0 = Debug|Any CPU
		{DF766E97-8F09-4590-91A2-1DB76325DA10}.Debug|x86.ActiveCfg = Debug|Any CPU
		{DF766E97-8F09-4590-91A2-1DB76325DA10}.Debug|x86.Build.0 = Debug|Any CPU
		{DF766E97-8F09-4590-91A2-1DB76325DA10}.Release|Any CPU.ActiveCfg = Release|Any CPU
		{DF766E97-8F09-4590-91A2-1DB76325DA10}.Release|Any CPU.Build.0 = Release|Any CPU
		{DF766E97-8F09-4590-91A2-1DB76325DA10}.Release|x64.ActiveCfg = Release|Any CPU
		{DF766E97-8F09-4590-91A2-1DB76325DA10}.Release|x64.Build.0 = Release|Any CPU
		{DF766E97-8F09-4590-91A2-1DB76325DA10}.Release|x86.ActiveCfg = Release|Any CPU
		{DF766E97-8F09-4590-91A2-1DB76325DA10}.Release|x86.Build.0 = Release|Any CPU
		{343F25BF-9683-426E-AE59-A7CD1EA8211C}.Debug|Any CPU.ActiveCfg = Debug|Any CPU
		{343F25BF-9683-426E-AE59-A7CD1EA8211C}.Debug|Any CPU.Build.0 = Debug|Any CPU
		{343F25BF-9683-426E-AE59-A7CD1EA8211C}.Debug|x64.ActiveCfg = Debug|Any CPU
		{343F25BF-9683-426E-AE59-A7CD1EA8211C}.Debug|x64.Build.0 = Debug|Any CPU
		{343F25BF-9683-426E-AE59-A7CD1EA8211C}.Debug|x86.ActiveCfg = Debug|Any CPU
		{343F25BF-9683-426E-AE59-A7CD1EA8211C}.Debug|x86.Build.0 = Debug|Any CPU
		{343F25BF-9683-426E-AE59-A7CD1EA8211C}.Release|Any CPU.ActiveCfg = Release|Any CPU
		{343F25BF-9683-426E-AE59-A7CD1EA8211C}.Release|Any CPU.Build.0 = Release|Any CPU
		{343F25BF-9683-426E-AE59-A7CD1EA8211C}.Release|x64.ActiveCfg = Release|Any CPU
		{343F25BF-9683-426E-AE59-A7CD1EA8211C}.Release|x64.Build.0 = Release|Any CPU
		{343F25BF-9683-426E-AE59-A7CD1EA8211C}.Release|x86.ActiveCfg = Release|Any CPU
		{343F25BF-9683-426E-AE59-A7CD1EA8211C}.Release|x86.Build.0 = Release|Any CPU
		{4A4B09AE-DED3-4947-B58F-DB29910A3194}.Debug|Any CPU.ActiveCfg = Debug|Any CPU
		{4A4B09AE-DED3-4947-B58F-DB29910A3194}.Debug|Any CPU.Build.0 = Debug|Any CPU
		{4A4B09AE-DED3-4947-B58F-DB29910A3194}.Debug|x64.ActiveCfg = Debug|Any CPU
		{4A4B09AE-DED3-4947-B58F-DB29910A3194}.Debug|x64.Build.0 = Debug|Any CPU
		{4A4B09AE-DED3-4947-B58F-DB29910A3194}.Debug|x86.ActiveCfg = Debug|Any CPU
		{4A4B09AE-DED3-4947-B58F-DB29910A3194}.Debug|x86.Build.0 = Debug|Any CPU
		{4A4B09AE-DED3-4947-B58F-DB29910A3194}.Release|Any CPU.ActiveCfg = Release|Any CPU
		{4A4B09AE-DED3-4947-B58F-DB29910A3194}.Release|Any CPU.Build.0 = Release|Any CPU
		{4A4B09AE-DED3-4947-B58F-DB29910A3194}.Release|x64.ActiveCfg = Release|Any CPU
		{4A4B09AE-DED3-4947-B58F-DB29910A3194}.Release|x64.Build.0 = Release|Any CPU
		{4A4B09AE-DED3-4947-B58F-DB29910A3194}.Release|x86.ActiveCfg = Release|Any CPU
		{4A4B09AE-DED3-4947-B58F-DB29910A3194}.Release|x86.Build.0 = Release|Any CPU
	EndGlobalSection
	GlobalSection(SolutionProperties) = preSolution
		HideSolutionNode = FALSE
	EndGlobalSection
EndGlobal
